// !$*UTF8*$!
{
	archiveVersion = 1;
	classes = {
	};
	objectVersion = 56;
	objects = {

/* Begin PBXBuildFile section */
		100000000000000000000001 /* PitLaneApp.swift in Sources */ = {isa = PBXBuildFile; fileRef = 200000000000000000000001; };
		100000000000000000000002 /* AppDependencies.swift in Sources */ = {isa = PBXBuildFile; fileRef = 200000000000000000000002; };
		100000000000000000000003 /* Mechanic.swift in Sources */ = {isa = PBXBuildFile; fileRef = 200000000000000000000003; };
		100000000000000000000004 /* ServiceRequest.swift in Sources */ = {isa = PBXBuildFile; fileRef = 200000000000000000000004; };
		100000000000000000000005 /* APIError.swift in Sources */ = {isa = PBXBuildFile; fileRef = 200000000000000000000005; };
		100000000000000000000006 /* MechanicRepository.swift in Sources */ = {isa = PBXBuildFile; fileRef = 200000000000000000000006; };
		100000000000000000000007 /* MockMechanicRepository.swift in Sources */ = {isa = PBXBuildFile; fileRef = 200000000000000000000007; };
		100000000000000000000008 /* Theme.swift in Sources */ = {isa = PBXBuildFile; fileRef = 200000000000000000000008; };
		100000000000000000000009 /* HomeViewModel.swift in Sources */ = {isa = PBXBuildFile; fileRef = 200000000000000000000009; };
		10000000000000000000000A /* RequestServiceViewModel.swift in Sources */ = {isa = PBXBuildFile; fileRef = 20000000000000000000000A; };
		10000000000000000000000B /* HomeView.swift in Sources */ = {isa = PBXBuildFile; fileRef = 20000000000000000000000B; };
		10000000000000000000000C /* MechanicDetailView.swift in Sources */ = {isa = PBXBuildFile; fileRef = 20000000000000000000000C; };
		10000000000000000000000D /* RequestServiceView.swift in Sources */ = {isa = PBXBuildFile; fileRef = 20000000000000000000000D; };
		10000000000000000000000E /* ConfirmationView.swift in Sources */ = {isa = PBXBuildFile; fileRef = 20000000000000000000000E; };
		10000000000000000000000F /* LedgerDivider.swift in Sources */ = {isa = PBXBuildFile; fileRef = 20000000000000000000000F; };
		100000000000000000000010 /* StatusStamp.swift in Sources */ = {isa = PBXBuildFile; fileRef = 200000000000000000000010; };
		100000000000000000000011 /* RatingDistanceLine.swift in Sources */ = {isa = PBXBuildFile; fileRef = 200000000000000000000011; };
		100000000000000000000012 /* ServiceTagRow.swift in Sources */ = {isa = PBXBuildFile; fileRef = 200000000000000000000012; };
		100000000000000000000013 /* MechanicLedgerRow.swift in Sources */ = {isa = PBXBuildFile; fileRef = 200000000000000000000013; };
		100000000000000000000014 /* PrimaryButton.swift in Sources */ = {isa = PBXBuildFile; fileRef = 200000000000000000000014; };
		100000000000000000000015 /* LoadingSkeletonView.swift in Sources */ = {isa = PBXBuildFile; fileRef = 200000000000000000000015; };
		100000000000000000000016 /* ErrorStateView.swift in Sources */ = {isa = PBXBuildFile; fileRef = 200000000000000000000016; };
		100000000000000000000017 /* FormSectionLabel.swift in Sources */ = {isa = PBXBuildFile; fileRef = 200000000000000000000017; };
		100000000000000000000018 /* ServiceSelector.swift in Sources */ = {isa = PBXBuildFile; fileRef = 200000000000000000000018; };
		100000000000000000000019 /* VehicleNumberField.swift in Sources */ = {isa = PBXBuildFile; fileRef = 200000000000000000000019; };
		10000000000000000000001A /* MultilineTextField.swift in Sources */ = {isa = PBXBuildFile; fileRef = 20000000000000000000001A; };
		10000000000000000000001B /* mechanics.json in Resources */ = {isa = PBXBuildFile; fileRef = 20000000000000000000001B; };
		10000000000000000000001C /* Assets.xcassets in Resources */ = {isa = PBXBuildFile; fileRef = 20000000000000000000001C; };
/* End PBXBuildFile section */

/* Begin PBXFileReference section */
		200000000000000000000000 /* PitLane.app */ = {isa = PBXFileReference; explicitFileType = wrapper.application; includeInIndex = 0; path = PitLane.app; sourceTree = BUILT_PRODUCTS_DIR; };
		200000000000000000000001 /* PitLaneApp.swift */ = {isa = PBXFileReference; lastKnownFileType = sourcecode.swift; path = App/PitLaneApp.swift; sourceTree = "<group>"; };
		200000000000000000000002 /* AppDependencies.swift */ = {isa = PBXFileReference; lastKnownFileType = sourcecode.swift; path = App/AppDependencies.swift; sourceTree = "<group>"; };
		200000000000000000000003 /* Mechanic.swift */ = {isa = PBXFileReference; lastKnownFileType = sourcecode.swift; path = Models/Mechanic.swift; sourceTree = "<group>"; };
		200000000000000000000004 /* ServiceRequest.swift */ = {isa = PBXFileReference; lastKnownFileType = sourcecode.swift; path = Models/ServiceRequest.swift; sourceTree = "<group>"; };
		200000000000000000000005 /* APIError.swift */ = {isa = PBXFileReference; lastKnownFileType = sourcecode.swift; path = Networking/APIError.swift; sourceTree = "<group>"; };
		200000000000000000000006 /* MechanicRepository.swift */ = {isa = PBXFileReference; lastKnownFileType = sourcecode.swift; path = Networking/MechanicRepository.swift; sourceTree = "<group>"; };
		200000000000000000000007 /* MockMechanicRepository.swift */ = {isa = PBXFileReference; lastKnownFileType = sourcecode.swift; path = Networking/MockMechanicRepository.swift; sourceTree = "<group>"; };
		200000000000000000000008 /* Theme.swift */ = {isa = PBXFileReference; lastKnownFileType = sourcecode.swift; path = Theme/Theme.swift; sourceTree = "<group>"; };
		200000000000000000000009 /* HomeViewModel.swift */ = {isa = PBXFileReference; lastKnownFileType = sourcecode.swift; path = ViewModels/HomeViewModel.swift; sourceTree = "<group>"; };
		20000000000000000000000A /* RequestServiceViewModel.swift */ = {isa = PBXFileReference; lastKnownFileType = sourcecode.swift; path = ViewModels/RequestServiceViewModel.swift; sourceTree = "<group>"; };
		20000000000000000000000B /* HomeView.swift */ = {isa = PBXFileReference; lastKnownFileType = sourcecode.swift; path = Views/Home/HomeView.swift; sourceTree = "<group>"; };
		20000000000000000000000C /* MechanicDetailView.swift */ = {isa = PBXFileReference; lastKnownFileType = sourcecode.swift; path = Views/Detail/MechanicDetailView.swift; sourceTree = "<group>"; };
		20000000000000000000000D /* RequestServiceView.swift */ = {isa = PBXFileReference; lastKnownFileType = sourcecode.swift; path = Views/Request/RequestServiceView.swift; sourceTree = "<group>"; };
		20000000000000000000000E /* ConfirmationView.swift */ = {isa = PBXFileReference; lastKnownFileType = sourcecode.swift; path = Views/Confirmation/ConfirmationView.swift; sourceTree = "<group>"; };
		20000000000000000000000F /* LedgerDivider.swift */ = {isa = PBXFileReference; lastKnownFileType = sourcecode.swift; path = Views/Components/LedgerDivider.swift; sourceTree = "<group>"; };
		200000000000000000000010 /* StatusStamp.swift */ = {isa = PBXFileReference; lastKnownFileType = sourcecode.swift; path = Views/Components/StatusStamp.swift; sourceTree = "<group>"; };
		200000000000000000000011 /* RatingDistanceLine.swift */ = {isa = PBXFileReference; lastKnownFileType = sourcecode.swift; path = Views/Components/RatingDistanceLine.swift; sourceTree = "<group>"; };
		200000000000000000000012 /* ServiceTagRow.swift */ = {isa = PBXFileReference; lastKnownFileType = sourcecode.swift; path = Views/Components/ServiceTagRow.swift; sourceTree = "<group>"; };
		200000000000000000000013 /* MechanicLedgerRow.swift */ = {isa = PBXFileReference; lastKnownFileType = sourcecode.swift; path = Views/Components/MechanicLedgerRow.swift; sourceTree = "<group>"; };
		200000000000000000000014 /* PrimaryButton.swift */ = {isa = PBXFileReference; lastKnownFileType = sourcecode.swift; path = Views/Components/PrimaryButton.swift; sourceTree = "<group>"; };
		200000000000000000000015 /* LoadingSkeletonView.swift */ = {isa = PBXFileReference; lastKnownFileType = sourcecode.swift; path = Views/Components/LoadingSkeletonView.swift; sourceTree = "<group>"; };
		200000000000000000000016 /* ErrorStateView.swift */ = {isa = PBXFileReference; lastKnownFileType = sourcecode.swift; path = Views/Components/ErrorStateView.swift; sourceTree = "<group>"; };
		200000000000000000000017 /* FormSectionLabel.swift */ = {isa = PBXFileReference; lastKnownFileType = sourcecode.swift; path = Views/Components/FormSectionLabel.swift; sourceTree = "<group>"; };
		200000000000000000000018 /* ServiceSelector.swift */ = {isa = PBXFileReference; lastKnownFileType = sourcecode.swift; path = Views/Components/ServiceSelector.swift; sourceTree = "<group>"; };
		200000000000000000000019 /* VehicleNumberField.swift */ = {isa = PBXFileReference; lastKnownFileType = sourcecode.swift; path = Views/Components/VehicleNumberField.swift; sourceTree = "<group>"; };
		20000000000000000000001A /* MultilineTextField.swift */ = {isa = PBXFileReference; lastKnownFileType = sourcecode.swift; path = Views/Components/MultilineTextField.swift; sourceTree = "<group>"; };
		20000000000000000000001B /* mechanics.json */ = {isa = PBXFileReference; lastKnownFileType = text.json; path = Resources/mechanics.json; sourceTree = "<group>"; };
		20000000000000000000001C /* Assets.xcassets */ = {isa = PBXFileReference; lastKnownFileType = folder.assetcatalog; path = Resources/Assets.xcassets; sourceTree = "<group>"; };
/* End PBXFileReference section */

/* Begin PBXFrameworksBuildPhase section */
		300000000000000000000001 /* Frameworks */ = {
			isa = PBXFrameworksBuildPhase;
			buildActionMask = 2147483647;
			files = (
			);
			runOnlyForDeploymentPostprocessing = 0;
		};
/* End PBXFrameworksBuildPhase section */

/* Begin PBXGroup section */
		400000000000000000000001 = {
			isa = PBXGroup;
			children = (
				400000000000000000000002 /* PitLane */,
				400000000000000000000003 /* Products */,
			);
			sourceTree = "<group>";
		};
		400000000000000000000002 /* PitLane */ = {
			isa = PBXGroup;
			children = (
				200000000000000000000001 /* PitLaneApp.swift */,
				200000000000000000000002 /* AppDependencies.swift */,
				200000000000000000000003 /* Mechanic.swift */,
				200000000000000000000004 /* ServiceRequest.swift */,
				200000000000000000000005 /* APIError.swift */,
				200000000000000000000006 /* MechanicRepository.swift */,
				200000000000000000000007 /* MockMechanicRepository.swift */,
				200000000000000000000008 /* Theme.swift */,
				200000000000000000000009 /* HomeViewModel.swift */,
				20000000000000000000000A /* RequestServiceViewModel.swift */,
				20000000000000000000000B /* HomeView.swift */,
				20000000000000000000000C /* MechanicDetailView.swift */,
				20000000000000000000000D /* RequestServiceView.swift */,
				20000000000000000000000E /* ConfirmationView.swift */,
				20000000000000000000000F /* LedgerDivider.swift */,
				200000000000000000000010 /* StatusStamp.swift */,
				200000000000000000000011 /* RatingDistanceLine.swift */,
				200000000000000000000012 /* ServiceTagRow.swift */,
				200000000000000000000013 /* MechanicLedgerRow.swift */,
				200000000000000000000014 /* PrimaryButton.swift */,
				200000000000000000000015 /* LoadingSkeletonView.swift */,
				200000000000000000000016 /* ErrorStateView.swift */,
				200000000000000000000017 /* FormSectionLabel.swift */,
				200000000000000000000018 /* ServiceSelector.swift */,
				200000000000000000000019 /* VehicleNumberField.swift */,
				20000000000000000000001A /* MultilineTextField.swift */,
				20000000000000000000001B /* mechanics.json */,
				20000000000000000000001C /* Assets.xcassets */,
			);
			path = PitLane;
			sourceTree = "<group>";
		};
		400000000000000000000003 /* Products */ = {
			isa = PBXGroup;
			children = (
				200000000000000000000000 /* PitLane.app */,
			);
			name = Products;
			sourceTree = "<group>";
		};
/* End PBXGroup section */

/* Begin PBXNativeTarget section */
		500000000000000000000001 /* PitLane */ = {
			isa = PBXNativeTarget;
			buildConfigurationList = 600000000000000000000001 /* Build configuration list for PBXNativeTarget "PitLane" */;
			buildPhases = (
				700000000000000000000001 /* Sources */,
				300000000000000000000001 /* Frameworks */,
				800000000000000000000001 /* Resources */,
			);
			buildRules = (
			);
			dependencies = (
			);
			name = PitLane;
			productName = PitLane;
			productReference = 200000000000000000000000 /* PitLane.app */;
			productType = "com.apple.product-type.application";
		};
/* End PBXNativeTarget section */

/* Begin PBXProject section */
		900000000000000000000001 /* Project object */ = {
			isa = PBXProject;
			attributes = {
				BuildIndependentTargetsInParallel = 1;
				LastSwiftUpdateCheck = 1500;
				LastUpgradeCheck = 1500;
				TargetAttributes = {
					500000000000000000000001 = {
						CreatedOnToolsVersion = 15.0;
					};
				};
			};
			buildConfigurationList = 600000000000000000000002 /* Build configuration list for PBXProject "PitLane" */;
			compatibilityVersion = "Xcode 14.0";
			developmentRegion = en;
			hasScannedForEncodings = 0;
			knownRegions = (
				en,
				Base,
			);
			mainGroup = 400000000000000000000001;
			productRefGroup = 400000000000000000000003 /* Products */;
			projectDirPath = "";
			projectRoot = "";
			targets = (
				500000000000000000000001 /* PitLane */,
			);
		};
/* End PBXProject section */

/* Begin PBXResourcesBuildPhase section */
		800000000000000000000001 /* Resources */ = {
			isa = PBXResourcesBuildPhase;
			buildActionMask = 2147483647;
			files = (
				10000000000000000000001B /* mechanics.json in Resources */,
				10000000000000000000001C /* Assets.xcassets in Resources */,
			);
			runOnlyForDeploymentPostprocessing = 0;
		};
/* End PBXResourcesBuildPhase section */

/* Begin PBXSourcesBuildPhase section */
		700000000000000000000001 /* Sources */ = {
			isa = PBXSourcesBuildPhase;
			buildActionMask = 2147483647;
			files = (
				100000000000000000000001 /* PitLaneApp.swift in Sources */,
				100000000000000000000002 /* AppDependencies.swift in Sources */,
				100000000000000000000003 /* Mechanic.swift in Sources */,
				100000000000000000000004 /* ServiceRequest.swift in Sources */,
				100000000000000000000005 /* APIError.swift in Sources */,
				100000000000000000000006 /* MechanicRepository.swift in Sources */,
				100000000000000000000007 /* MockMechanicRepository.swift in Sources */,
				100000000000000000000008 /* Theme.swift in Sources */,
				100000000000000000000009 /* HomeViewModel.swift in Sources */,
				10000000000000000000000A /* RequestServiceViewModel.swift in Sources */,
				10000000000000000000000B /* HomeView.swift in Sources */,
				10000000000000000000000C /* MechanicDetailView.swift in Sources */,
				10000000000000000000000D /* RequestServiceView.swift in Sources */,
				10000000000000000000000E /* ConfirmationView.swift in Sources */,
				10000000000000000000000F /* LedgerDivider.swift in Sources */,
				100000000000000000000010 /* StatusStamp.swift in Sources */,
				100000000000000000000011 /* RatingDistanceLine.swift in Sources */,
				100000000000000000000012 /* ServiceTagRow.swift in Sources */,
				100000000000000000000013 /* MechanicLedgerRow.swift in Sources */,
				100000000000000000000014 /* PrimaryButton.swift in Sources */,
				100000000000000000000015 /* LoadingSkeletonView.swift in Sources */,
				100000000000000000000016 /* ErrorStateView.swift in Sources */,
				100000000000000000000017 /* FormSectionLabel.swift in Sources */,
				100000000000000000000018 /* ServiceSelector.swift in Sources */,
				100000000000000000000019 /* VehicleNumberField.swift in Sources */,
				10000000000000000000001A /* MultilineTextField.swift in Sources */,
			);
			runOnlyForDeploymentPostprocessing = 0;
		};
/* End PBXSourcesBuildPhase section */

/* Begin XCBuildConfiguration section */
		A00000000000000000000001 /* Debug */ = {
			isa = XCBuildConfiguration;
			buildSettings = {
				ALWAYS_SEARCH_USER_PATHS = NO;
				CLANG_ANALYZER_NONNULL = YES;
				CLANG_ANALYZER_NUMBER_OBJECT_CONVERSION = YES_AGGRESSIVE;
				CLANG_CXX_LANGUAGE_STANDARD = "gnu++20";
				CLANG_ENABLE_MODULES = YES;
				CLANG_ENABLE_OBJC_ARC = YES;
				CLANG_ENABLE_OBJC_WEAK = YES;
				CLANG_WARN_BLOCK_CAPTURE_AUTORELEASING = YES;
				CLANG_WARN_BOOL_CONVERSIONS = YES;
				CLANG_WARN_COMPOUND_ASSIGN_ENUM_CONVERSIONS = YES;
				CLANG_WARN_CONSTANT_CONVERSIONS = YES;
				CLANG_WARN_DEPRECATED_OBJC_IMPLEMENTATIONS = YES;
				CLANG_WARN_DIRECT_OBJC_ISA_USAGE = YES_ERROR;
				CLANG_WARN_DOCUMENTATION_COMMENTS = YES;
				CLANG_WARN_EMPTY_BODY = YES;
				CLANG_WARN_ENUM_CONVERSIONS = YES;
				CLANG_WARN_INFINITE_RECURSION = YES;
				CLANG_WARN_INT_CONVERSIONS = YES;
				CLANG_WARN_NON_LITERAL_NULL_CONVERSION = YES;
				CLANG_WARN_OBJC_IMPLICIT_RETAIN_SELF = YES;
				CLANG_WARN_OBJC_LITERAL_CONVERSIONS = YES;
				CLANG_WARN_OBJC_ROOT_CLASS = YES_ERROR;
				CLANG_WARN_QUOTED_INCLUDE_IN_FRAMEWORK_HEADER = YES;
				CLANG_WARN_RANGE_LOOP_ANALYSIS = YES;
				CLANG_WARN_STRICT_PROTOTYPES = YES;
				CLANG_WARN_SUSPICIOUS_MOVE = YES;
				CLANG_WARN_UNGUARDED_AVAILABILITY = YES_AGGRESSIVE;
				CLANG_WARN_UNREACHABLE_CODE = YES;
				CLANG_WARN__DUPLICATE_METHOD_MATCH = YES;
				COPY_PHASE_STRIP = NO;
				DEBUG_INFORMATION_FORMAT = dwarf;
				ENABLE_STRICT_OBJC_MSGSEND = YES;
				ENABLE_TESTABILITY = YES;
				GCC_C_LANGUAGE_STANDARD = gnu11;
				GCC_DYNAMIC_NO_PIC = NO;
				GCC_NO_COMMON_BLOCKS = YES;
				GCC_OPTIMIZATION_LEVEL = 0;
				GCC_PREPROCESSOR_DEFINITIONS = (
					"DEBUG=1",
					"$(inherited)",
				);
				GCC_WARN_64_TO_32_BIT_CONVERSION = YES;
				GCC_WARN_ABOUT_RETURN_TYPE = YES_ERROR;
				GCC_WARN_UNDECLARED_SELECTOR = YES;
				GCC_WARN_UNINITIALIZED_AUTOS = YES_AGGRESSIVE;
				GCC_WARN_UNUSED_FUNCTION = YES;
				GCC_WARN_UNUSED_VARIABLE = YES;
				IPHONEOS_DEPLOYMENT_TARGET = 17.0;
				MTL_ENABLE_DEBUG_INFO = INCLUDE_SOURCE;
				MTL_FAST_MATH = YES;
				ONLY_ACTIVE_ARCH = YES;
				SDKROOT = iphoneos;
				SWIFT_ACTIVE_COMPILATION_CONDITIONS = DEBUG;
				SWIFT_OPTIMIZATION_LEVEL = "-Onone";
			};
			name = Debug;
		};
		A00000000000000000000002 /* Release */ = {
			isa = XCBuildConfiguration;
			buildSettings = {
				ALWAYS_SEARCH_USER_PATHS = NO;
				CLANG_ANALYZER_NONNULL = YES;
				CLANG_ANALYZER_NUMBER_OBJECT_CONVERSION = YES_AGGRESSIVE;
				CLANG_CXX_LANGUAGE_STANDARD = "gnu++20";
				CLANG_ENABLE_MODULES = YES;
				CLANG_ENABLE_OBJC_ARC = YES;
				CLANG_ENABLE_OBJC_WEAK = YES;
				CLANG_WARN_BLOCK_CAPTURE_AUTORELEASING = YES;
				CLANG_WARN_BOOL_CONVERSIONS = YES;
				CLANG_WARN_COMPOUND_ASSIGN_ENUM_CONVERSIONS = YES;
				CLANG_WARN_CONSTANT_CONVERSIONS = YES;
				CLANG_WARN_DEPRECATED_OBJC_IMPLEMENTATIONS = YES;
				CLANG_WARN_DIRECT_OBJC_ISA_USAGE = YES_ERROR;
				CLANG_WARN_DOCUMENTATION_COMMENTS = YES;
				CLANG_WARN_EMPTY_BODY = YES;
				CLANG_WARN_ENUM_CONVERSIONS = YES;
				CLANG_WARN_INFINITE_RECURSION = YES;
				CLANG_WARN_INT_CONVERSIONS = YES;
				CLANG_WARN_NON_LITERAL_NULL_CONVERSION = YES;
				CLANG_WARN_OBJC_IMPLICIT_RETAIN_SELF = YES;
				CLANG_WARN_OBJC_LITERAL_CONVERSIONS = YES;
				CLANG_WARN_OBJC_ROOT_CLASS = YES_ERROR;
				CLANG_WARN_QUOTED_INCLUDE_IN_FRAMEWORK_HEADER = YES;
				CLANG_WARN_RANGE_LOOP_ANALYSIS = YES;
				CLANG_WARN_STRICT_PROTOTYPES = YES;
				CLANG_WARN_SUSPICIOUS_MOVE = YES;
				CLANG_WARN_UNGUARDED_AVAILABILITY = YES_AGGRESSIVE;
				CLANG_WARN_UNREACHABLE_CODE = YES;
				CLANG_WARN__DUPLICATE_METHOD_MATCH = YES;
				COPY_PHASE_STRIP = NO;
				DEBUG_INFORMATION_FORMAT = "dwarf-with-dsym";
				ENABLE_NS_ASSERTIONS = NO;
				ENABLE_STRICT_OBJC_MSGSEND = YES;
				GCC_C_LANGUAGE_STANDARD = gnu11;
				GCC_NO_COMMON_BLOCKS = YES;
				GCC_WARN_64_TO_32_BIT_CONVERSION = YES;
				GCC_WARN_ABOUT_RETURN_TYPE = YES_ERROR;
				GCC_WARN_UNDECLARED_SELECTOR = YES;
				GCC_WARN_UNINITIALIZED_AUTOS = YES_AGGRESSIVE;
				GCC_WARN_UNUSED_FUNCTION = YES;
				GCC_WARN_UNUSED_VARIABLE = YES;
				IPHONEOS_DEPLOYMENT_TARGET = 17.0;
				MTL_FAST_MATH = YES;
				SDKROOT = iphoneos;
				SWIFT_COMPILATION_MODE = wholemodule;
				SWIFT_OPTIMIZATION_LEVEL = "-O";
				VALIDATE_PRODUCT = YES;
			};
			name = Release;
		};
		A00000000000000000000003 /* Debug */ = {
			isa = XCBuildConfiguration;
			buildSettings = {
				ASSETCATALOG_COMPILER_APPICON_NAME = AppIcon;
				ASSETCATALOG_COMPILER_GLOBAL_ACCENT_COLOR_NAME = AccentColor;
				CODE_SIGN_STYLE = Automatic;
				CURRENT_PROJECT_VERSION = 1;
				GENERATE_INFOPLIST_FILE = YES;
				INFOPLIST_KEY_UIApplicationSceneManifest_Generation = YES;
				INFOPLIST_KEY_UIApplicationSupportsIndirectInputEvents = YES;
				INFOPLIST_KEY_UILaunchScreen_Generation = YES;
				INFOPLIST_KEY_UISupportedInterfaceOrientations_iPhone = "UIInterfaceOrientationPortrait";
				LD_RUNPATH_SEARCH_PATHS = (
					"$(inherited)",
					"@executable_path/Frameworks",
				);
				MARKETING_VERSION = 1.0;
				PRODUCT_BUNDLE_IDENTIFIER = com.pitlane.PitLane;
				PRODUCT_NAME = "$(TARGET_NAME)";
				SWIFT_EMIT_LOC_STRINGS = YES;
				SWIFT_VERSION = 5.0;
				TARGETED_DEVICE_FAMILY = "1";
			};
			name = Debug;
		};
		A00000000000000000000004 /* Release */ = {
			isa = XCBuildConfiguration;
			buildSettings = {
				ASSETCATALOG_COMPILER_APPICON_NAME = AppIcon;
				ASSETCATALOG_COMPILER_GLOBAL_ACCENT_COLOR_NAME = AccentColor;
				CODE_SIGN_STYLE = Automatic;
				CURRENT_PROJECT_VERSION = 1;
				GENERATE_INFOPLIST_FILE = YES;
				INFOPLIST_KEY_UIApplicationSceneManifest_Generation = YES;
				INFOPLIST_KEY_UIApplicationSupportsIndirectInputEvents = YES;
				INFOPLIST_KEY_UILaunchScreen_Generation = YES;
				INFOPLIST_KEY_UISupportedInterfaceOrientations_iPhone = "UIInterfaceOrientationPortrait";
				LD_RUNPATH_SEARCH_PATHS = (
					"$(inherited)",
					"@executable_path/Frameworks",
				);
				MARKETING_VERSION = 1.0;
				PRODUCT_BUNDLE_IDENTIFIER = com.pitlane.PitLane;
				PRODUCT_NAME = "$(TARGET_NAME)";
				SWIFT_EMIT_LOC_STRINGS = YES;
				SWIFT_VERSION = 5.0;
				TARGETED_DEVICE_FAMILY = "1";
			};
			name = Release;
		};
/* End XCBuildConfiguration section */

/* Begin XCConfigurationList section */
		600000000000000000000001 /* Build configuration list for PBXNativeTarget "PitLane" */ = {
			isa = XCConfigurationList;
			buildConfigurations = (
				A00000000000000000000003 /* Debug */,
				A00000000000000000000004 /* Release */,
			);
			defaultConfigurationIsVisible = 0;
			defaultConfigurationName = Release;
		};
		600000000000000000000002 /* Build configuration list for PBXProject "PitLane" */ = {
			isa = XCConfigurationList;
			buildConfigurations = (
				A00000000000000000000001 /* Debug */,
				A00000000000000000000002 /* Release */,
			);
			defaultConfigurationIsVisible = 0;
			defaultConfigurationName = Release;
		};
/* End XCConfigurationList section */
	};
	rootObject = 900000000000000000000001 /* Project object */;
}
